// !$*UTF8*$!
{
	archiveVersion = 1;
	classes = {
	};
	objectVersion = 56;
	objects = {

/* Begin PBXBuildFile section */
		26186075294DF658007FD8C1 /* Settings.swift in Sources */ = {isa = PBXBuildFile; fileRef = 26186074294DF658007FD8C1 /* Settings.swift */; };
		263C6D98293FE71900F2634A /* GeocodingEX.swift in Sources */ = {isa = PBXBuildFile; fileRef = 263C6D97293FE71900F2634A /* GeocodingEX.swift */; };
		263C6D9A293FE9B300F2634A /* Location.swift in Sources */ = {isa = PBXBuildFile; fileRef = 263C6D99293FE9B300F2634A /* Location.swift */; };
		263C6D9C293FF35000F2634A /* PlantSettingsViewController.swift in Sources */ = {isa = PBXBuildFile; fileRef = 263C6D9B293FF35000F2634A /* PlantSettingsViewController.swift */; };
		263EFA17294555DD00C5FDD4 /* CurrentWeatherJsonEX.swift in Sources */ = {isa = PBXBuildFile; fileRef = 263EFA16294555DD00C5FDD4 /* CurrentWeatherJsonEX.swift */; };
		263EFA19294556E100C5FDD4 /* ThreeHourViewController.swift in Sources */ = {isa = PBXBuildFile; fileRef = 263EFA18294556E100C5FDD4 /* ThreeHourViewController.swift */; };
		263EFA1B29455A2200C5FDD4 /* threeHourCollectionViewCell.swift in Sources */ = {isa = PBXBuildFile; fileRef = 263EFA1A29455A2200C5FDD4 /* threeHourCollectionViewCell.swift */; };
		263EFA1D2947BA9B00C5FDD4 /* daily weather.swift in Sources */ = {isa = PBXBuildFile; fileRef = 263EFA1C2947BA9B00C5FDD4 /* daily weather.swift */; };
		2653E1C7293AAD1500CD1925 /* AppDelegate.swift in Sources */ = {isa = PBXBuildFile; fileRef = 2653E1C6293AAD1500CD1925 /* AppDelegate.swift */; };
		2653E1C9293AAD1500CD1925 /* SceneDelegate.swift in Sources */ = {isa = PBXBuildFile; fileRef = 2653E1C8293AAD1500CD1925 /* SceneDelegate.swift */; };
		2653E1CB293AAD1500CD1925 /* ViewController.swift in Sources */ = {isa = PBXBuildFile; fileRef = 2653E1CA293AAD1500CD1925 /* ViewController.swift */; };
		2653E1CE293AAD1500CD1925 /* Main.storyboard in Resources */ = {isa = PBXBuildFile; fileRef = 2653E1CC293AAD1500CD1925 /* Main.storyboard */; };
		2653E1D0293AAD1600CD1925 /* Assets.xcassets in Resources */ = {isa = PBXBuildFile; fileRef = 2653E1CF293AAD1600CD1925 /* Assets.xcassets */; };
		2653E1D3293AAD1600CD1925 /* LaunchScreen.storyboard in Resources */ = {isa = PBXBuildFile; fileRef = 2653E1D1293AAD1600CD1925 /* LaunchScreen.storyboard */; };
		2653E1DB293AB2B000CD1925 /* 3HourForecastJsonEX.swift in Sources */ = {isa = PBXBuildFile; fileRef = 2653E1DA293AB2B000CD1925 /* 3HourForecastJsonEX.swift */; };
		2653E1DD293AB47800CD1925 /* Weather.swift in Sources */ = {isa = PBXBuildFile; fileRef = 2653E1DC293AB47800CD1925 /* Weather.swift */; };
		2653E1DF293ACC7800CD1925 /* CollectionViewCell.swift in Sources */ = {isa = PBXBuildFile; fileRef = 2653E1DE293ACC7800CD1925 /* CollectionViewCell.swift */; };
		26BFFA1E294BC1C4003A79A8 /* Astrology.swift in Sources */ = {isa = PBXBuildFile; fileRef = 26BFFA1D294BC1C4003A79A8 /* Astrology.swift */; };
		26BFFA20294BCC2C003A79A8 /* astrologyCollectionViewCell.swift in Sources */ = {isa = PBXBuildFile; fileRef = 26BFFA1F294BCC2C003A79A8 /* astrologyCollectionViewCell.swift */; };
/* End PBXBuildFile section */

/* Begin PBXFileReference section */
		26186074294DF658007FD8C1 /* Settings.swift */ = {isa = PBXFileReference; lastKnownFileType = sourcecode.swift; path = Settings.swift; sourceTree = "<group>"; };
		263C6D97293FE71900F2634A /* GeocodingEX.swift */ = {isa = PBXFileReference; lastKnownFileType = sourcecode.swift; path = GeocodingEX.swift; sourceTree = "<group>"; };
		263C6D99293FE9B300F2634A /* Location.swift */ = {isa = PBXFileReference; lastKnownFileType = sourcecode.swift; path = Location.swift; sourceTree = "<group>"; };
		263C6D9B293FF35000F2634A /* PlantSettingsViewController.swift */ = {isa = PBXFileReference; lastKnownFileType = sourcecode.swift; path = PlantSettingsViewController.swift; sourceTree = "<group>"; };
		263EFA16294555DD00C5FDD4 /* CurrentWeatherJsonEX.swift */ = {isa = PBXFileReference; lastKnownFileType = sourcecode.swift; path = CurrentWeatherJsonEX.swift; sourceTree = "<group>"; };
		263EFA18294556E100C5FDD4 /* ThreeHourViewController.swift */ = {isa = PBXFileReference; lastKnownFileType = sourcecode.swift; path = ThreeHourViewController.swift; sourceTree = "<group>"; };
		263EFA1A29455A2200C5FDD4 /* threeHourCollectionViewCell.swift */ = {isa = PBXFileReference; lastKnownFileType = sourcecode.swift; path = threeHourCollectionViewCell.swift; sourceTree = "<group>"; };
		263EFA1C2947BA9B00C5FDD4 /* daily weather.swift */ = {isa = PBXFileReference; lastKnownFileType = sourcecode.swift; path = "daily weather.swift"; sourceTree = "<group>"; };
		2653E1C3293AAD1500CD1925 /* MindfulWeatherApp.app */ = {isa = PBXFileReference; explicitFileType = wrapper.application; includeInIndex = 0; path = MindfulWeatherApp.app; sourceTree = BUILT_PRODUCTS_DIR; };
		2653E1C6293AAD1500CD1925 /* AppDelegate.swift */ = {isa = PBXFileReference; lastKnownFileType = sourcecode.swift; path = AppDelegate.swift; sourceTree = "<group>"; };
		2653E1C8293AAD1500CD1925 /* SceneDelegate.swift */ = {isa = PBXFileReference; lastKnownFileType = sourcecode.swift; path = SceneDelegate.swift; sourceTree = "<group>"; };
		2653E1CA293AAD1500CD1925 /* ViewController.swift */ = {isa = PBXFileReference; lastKnownFileType = sourcecode.swift; path = ViewController.swift; sourceTree = "<group>"; };
		2653E1CD293AAD1500CD1925 /* Base */ = {isa = PBXFileReference; lastKnownFileType = file.storyboard; name = Base; path = Base.lproj/Main.storyboard; sourceTree = "<group>"; };
		2653E1CF293AAD1600CD1925 /* Assets.xcassets */ = {isa = PBXFileReference; lastKnownFileType = folder.assetcatalog; path = Assets.xcassets; sourceTree = "<group>"; };
		2653E1D2293AAD1600CD1925 /* Base */ = {isa = PBXFileReference; lastKnownFileType = file.storyboard; name = Base; path = Base.lproj/LaunchScreen.storyboard; sourceTree = "<group>"; };
		2653E1D4293AAD1600CD1925 /* Info.plist */ = {isa = PBXFileReference; lastKnownFileType = text.plist.xml; path = Info.plist; sourceTree = "<group>"; };
		2653E1DA293AB2B000CD1925 /* 3HourForecastJsonEX.swift */ = {isa = PBXFileReference; lastKnownFileType = sourcecode.swift; path = 3HourForecastJsonEX.swift; sourceTree = "<group>"; };
		2653E1DC293AB47800CD1925 /* Weather.swift */ = {isa = PBXFileReference; lastKnownFileType = sourcecode.swift; path = Weather.swift; sourceTree = "<group>"; };
		2653E1DE293ACC7800CD1925 /* CollectionViewCell.swift */ = {isa = PBXFileReference; lastKnownFileType = sourcecode.swift; path = CollectionViewCell.swift; sourceTree = "<group>"; };
		26BFFA1D294BC1C4003A79A8 /* Astrology.swift */ = {isa = PBXFileReference; lastKnownFileType = sourcecode.swift; path = Astrology.swift; sourceTree = "<group>"; };
		26BFFA1F294BCC2C003A79A8 /* astrologyCollectionViewCell.swift */ = {isa = PBXFileReference; lastKnownFileType = sourcecode.swift; path = astrologyCollectionViewCell.swift; sourceTree = "<group>"; };
/* End PBXFileReference section */

/* Begin PBXFrameworksBuildPhase section */
		2653E1C0293AAD1500CD1925 /* Frameworks */ = {
			isa = PBXFrameworksBuildPhase;
			buildActionMask = 2147483647;
			files = (
			);
			runOnlyForDeploymentPostprocessing = 0;
		};
/* End PBXFrameworksBuildPhase section */

/* Begin PBXGroup section */
		26186076294E085D007FD8C1 /* Plant Settings */ = {
			isa = PBXGroup;
			children = (
				263C6D9B293FF35000F2634A /* PlantSettingsViewController.swift */,
				26186074294DF658007FD8C1 /* Settings.swift */,
			);
			name = "Plant Settings";
			sourceTree = "<group>";
		};
		263EFA1F2948A9D800C5FDD4 /* 3 Hour */ = {
			isa = PBXGroup;
			children = (
				2653E1DC293AB47800CD1925 /* Weather.swift */,
				2653E1DA293AB2B000CD1925 /* 3HourForecastJsonEX.swift */,
				263EFA1A29455A2200C5FDD4 /* threeHourCollectionViewCell.swift */,
				263EFA18294556E100C5FDD4 /* ThreeHourViewController.swift */,
				26BFFA1D294BC1C4003A79A8 /* Astrology.swift */,
				26BFFA1F294BCC2C003A79A8 /* astrologyCollectionViewCell.swift */,
			);
			name = "3 Hour";
			sourceTree = "<group>";
		};
		263EFA202948A9FB00C5FDD4 /* Daily-Current */ = {
			isa = PBXGroup;
			children = (
				2653E1CA293AAD1500CD1925 /* ViewController.swift */,
				2653E1DE293ACC7800CD1925 /* CollectionViewCell.swift */,
				263EFA1C2947BA9B00C5FDD4 /* daily weather.swift */,
				263EFA16294555DD00C5FDD4 /* CurrentWeatherJsonEX.swift */,
			);
			path = "Daily-Current";
			sourceTree = "<group>";
		};
		263EFA212948AA4D00C5FDD4 /* GeoLocation */ = {
			isa = PBXGroup;
			children = (
				263C6D97293FE71900F2634A /* GeocodingEX.swift */,
				263C6D99293FE9B300F2634A /* Location.swift */,
			);
			name = GeoLocation;
			sourceTree = "<group>";
		};
		2653E1BA293AAD1500CD1925 = {
			isa = PBXGroup;
			children = (
				2653E1C5293AAD1500CD1925 /* MindfulWeatherApp */,
				2653E1C4293AAD1500CD1925 /* Products */,
			);
			sourceTree = "<group>";
		};
		2653E1C4293AAD1500CD1925 /* Products */ = {
			isa = PBXGroup;
			children = (
				2653E1C3293AAD1500CD1925 /* MindfulWeatherApp.app */,
			);
			name = Products;
			sourceTree = "<group>";
		};
		2653E1C5293AAD1500CD1925 /* MindfulWeatherApp */ = {
			isa = PBXGroup;
			children = (
				2653E1C6293AAD1500CD1925 /* AppDelegate.swift */,
				2653E1C8293AAD1500CD1925 /* SceneDelegate.swift */,
				2653E1CC293AAD1500CD1925 /* Main.storyboard */,
				2653E1CF293AAD1600CD1925 /* Assets.xcassets */,
				2653E1D1293AAD1600CD1925 /* LaunchScreen.storyboard */,
				2653E1D4293AAD1600CD1925 /* Info.plist */,
				263EFA212948AA4D00C5FDD4 /* GeoLocation */,
				263EFA202948A9FB00C5FDD4 /* Daily-Current */,
				263EFA1F2948A9D800C5FDD4 /* 3 Hour */,
				26186076294E085D007FD8C1 /* Plant Settings */,
			);
			path = MindfulWeatherApp;
			sourceTree = "<group>";
		};
/* End PBXGroup section */

/* Begin PBXNativeTarget section */
		2653E1C2293AAD1500CD1925 /* MindfulWeatherApp */ = {
			isa = PBXNativeTarget;
			buildConfigurationList = 2653E1D7293AAD1600CD1925 /* Build configuration list for PBXNativeTarget "MindfulWeatherApp" */;
			buildPhases = (
				2653E1BF293AAD1500CD1925 /* Sources */,
				2653E1C0293AAD1500CD1925 /* Frameworks */,
				2653E1C1293AAD1500CD1925 /* Resources */,
			);
			buildRules = (
			);
			dependencies = (
			);
			name = MindfulWeatherApp;
			productName = MindfulWeatherApp;
			productReference = 2653E1C3293AAD1500CD1925 /* MindfulWeatherApp.app */;
			productType = "com.apple.product-type.application";
		};
/* End PBXNativeTarget section */

/* Begin PBXProject section */
		2653E1BB293AAD1500CD1925 /* Project object */ = {
			isa = PBXProject;
			attributes = {
				BuildIndependentTargetsInParallel = 1;
				LastSwiftUpdateCheck = 1410;
				LastUpgradeCheck = 1410;
				TargetAttributes = {
					2653E1C2293AAD1500CD1925 = {
						CreatedOnToolsVersion = 14.1;
					};
				};
			};
			buildConfigurationList = 2653E1BE293AAD1500CD1925 /* Build configuration list for PBXProject "MindfulWeatherApp" */;
			compatibilityVersion = "Xcode 14.0";
			developmentRegion = en;
			hasScannedForEncodings = 0;
			knownRegions = (
				en,
				Base,
			);
			mainGroup = 2653E1BA293AAD1500CD1925;
			productRefGroup = 2653E1C4293AAD1500CD1925 /* Products */;
			projectDirPath = "";
			projectRoot = "";
			targets = (
				2653E1C2293AAD1500CD1925 /* MindfulWeatherApp */,
			);
		};
/* End PBXProject section */

/* Begin PBXResourcesBuildPhase section */
		2653E1C1293AAD1500CD1925 /* Resources */ = {
			isa = PBXResourcesBuildPhase;
			buildActionMask = 2147483647;
			files = (
				2653E1D3293AAD1600CD1925 /* LaunchScreen.storyboard in Resources */,
				2653E1D0293AAD1600CD1925 /* Assets.xcassets in Resources */,
				2653E1CE293AAD1500CD1925 /* Main.storyboard in Resources */,
			);
			runOnlyForDeploymentPostprocessing = 0;
		};
/* End PBXResourcesBuildPhase section */

/* Begin PBXSourcesBuildPhase section */
		2653E1BF293AAD1500CD1925 /* Sources */ = {
			isa = PBXSourcesBuildPhase;
			buildActionMask = 2147483647;
			files = (
				263EFA19294556E100C5FDD4 /* ThreeHourViewController.swift in Sources */,
				263EFA1D2947BA9B00C5FDD4 /* daily weather.swift in Sources */,
				2653E1CB293AAD1500CD1925 /* ViewController.swift in Sources */,
				26186075294DF658007FD8C1 /* Settings.swift in Sources */,
				263C6D9C293FF35000F2634A /* PlantSettingsViewController.swift in Sources */,
				2653E1C7293AAD1500CD1925 /* AppDelegate.swift in Sources */,
				26BFFA20294BCC2C003A79A8 /* astrologyCollectionViewCell.swift in Sources */,
				263C6D9A293FE9B300F2634A /* Location.swift in Sources */,
				2653E1DF293ACC7800CD1925 /* CollectionViewCell.swift in Sources */,
				2653E1C9293AAD1500CD1925 /* SceneDelegate.swift in Sources */,
				2653E1DB293AB2B000CD1925 /* 3HourForecastJsonEX.swift in Sources */,
				2653E1DD293AB47800CD1925 /* Weather.swift in Sources */,
				263EFA1B29455A2200C5FDD4 /* threeHourCollectionViewCell.swift in Sources */,
				26BFFA1E294BC1C4003A79A8 /* Astrology.swift in Sources */,
				263C6D98293FE71900F2634A /* GeocodingEX.swift in Sources */,
				263EFA17294555DD00C5FDD4 /* CurrentWeatherJsonEX.swift in Sources */,
			);
			runOnlyForDeploymentPostprocessing = 0;
		};
/* End PBXSourcesBuildPhase section */

/* Begin PBXVariantGroup section */
		2653E1CC293AAD1500CD1925 /* Main.storyboard */ = {
			isa = PBXVariantGroup;
			children = (
				2653E1CD293AAD1500CD1925 /* Base */,
			);
			name = Main.storyboard;
			sourceTree = "<group>";
		};
		2653E1D1293AAD1600CD1925 /* LaunchScreen.storyboard */ = {
			isa = PBXVariantGroup;
			children = (
				2653E1D2293AAD1600CD1925 /* Base */,
			);
			name = LaunchScreen.storyboard;
			sourceTree = "<group>";
		};
/* End PBXVariantGroup section */

/* Begin XCBuildConfiguration section */
		2653E1D5293AAD1600CD1925 /* Debug */ = {
			isa = XCBuildConfiguration;
			buildSettings = {
				ALWAYS_SEARCH_USER_PATHS = NO;
				CLANG_ANALYZER_NONNULL = YES;
				CLANG_ANALYZER_NUMBER_OBJECT_CONVERSION = YES_AGGRESSIVE;
				CLANG_CXX_LANGUAGE_STANDARD = "gnu++20";
				CLANG_ENABLE_MODULES = YES;
				CLANG_ENABLE_OBJC_ARC = YES;
				CLANG_ENABLE_OBJC_WEAK = YES;
				CLANG_WARN_BLOCK_CAPTURE_AUTORELEASING = YES;
				CLANG_WARN_BOOL_CONVERSION = YES;
				CLANG_WARN_COMMA = YES;
				CLANG_WARN_CONSTANT_CONVERSION = YES;
				CLANG_WARN_DEPRECATED_OBJC_IMPLEMENTATIONS = YES;
				CLANG_WARN_DIRECT_OBJC_ISA_USAGE = YES_ERROR;
				CLANG_WARN_DOCUMENTATION_COMMENTS = YES;
				CLANG_WARN_EMPTY_BODY = YES;
				CLANG_WARN_ENUM_CONVERSION = YES;
				CLANG_WARN_INFINITE_RECURSION = YES;
				CLANG_WARN_INT_CONVERSION = YES;
				CLANG_WARN_NON_LITERAL_NULL_CONVERSION = YES;
				CLANG_WARN_OBJC_IMPLICIT_RETAIN_SELF = YES;
				CLANG_WARN_OBJC_LITERAL_CONVERSION = YES;
				CLANG_WARN_OBJC_ROOT_CLASS = YES_ERROR;
				CLANG_WARN_QUOTED_INCLUDE_IN_FRAMEWORK_HEADER = YES;
				CLANG_WARN_RANGE_LOOP_ANALYSIS = YES;
				CLANG_WARN_STRICT_PROTOTYPES = YES;
				CLANG_WARN_SUSPICIOUS_MOVE = YES;
				CLANG_WARN_UNGUARDED_AVAILABILITY = YES_AGGRESSIVE;
				CLANG_WARN_UNREACHABLE_CODE = YES;
				CLANG_WARN__DUPLICATE_METHOD_MATCH = YES;
				COPY_PHASE_STRIP = NO;
				DEBUG_INFORMATION_FORMAT = dwarf;
				ENABLE_STRICT_OBJC_MSGSEND = YES;
				ENABLE_TESTABILITY = YES;
				GCC_C_LANGUAGE_STANDARD = gnu11;
				GCC_DYNAMIC_NO_PIC = NO;
				GCC_NO_COMMON_BLOCKS = YES;
				GCC_OPTIMIZATION_LEVEL = 0;
				GCC_PREPROCESSOR_DEFINITIONS = (
					"DEBUG=1",
					"$(inherited)",
				);
				GCC_WARN_64_TO_32_BIT_CONVERSION = YES;
				GCC_WARN_ABOUT_RETURN_TYPE = YES_ERROR;
				GCC_WARN_UNDECLARED_SELECTOR = YES;
				GCC_WARN_UNINITIALIZED_AUTOS = YES_AGGRESSIVE;
				GCC_WARN_UNUSED_FUNCTION = YES;
				GCC_WARN_UNUSED_VARIABLE = YES;
				IPHONEOS_DEPLOYMENT_TARGET = 16.1;
				MTL_ENABLE_DEBUG_INFO = INCLUDE_SOURCE;
				MTL_FAST_MATH = YES;
				ONLY_ACTIVE_ARCH = YES;
				SDKROOT = iphoneos;
				SWIFT_ACTIVE_COMPILATION_CONDITIONS = DEBUG;
				SWIFT_OPTIMIZATION_LEVEL = "-Onone";
			};
			name = Debug;
		};
		2653E1D6293AAD1600CD1925 /* Release */ = {
			isa = XCBuildConfiguration;
			buildSettings = {
				ALWAYS_SEARCH_USER_PATHS = NO;
				CLANG_ANALYZER_NONNULL = YES;
				CLANG_ANALYZER_NUMBER_OBJECT_CONVERSION = YES_AGGRESSIVE;
				CLANG_CXX_LANGUAGE_STANDARD = "gnu++20";
				CLANG_ENABLE_MODULES = YES;
				CLANG_ENABLE_OBJC_ARC = YES;
				CLANG_ENABLE_OBJC_WEAK = YES;
				CLANG_WARN_BLOCK_CAPTURE_AUTORELEASING = YES;
				CLANG_WARN_BOOL_CONVERSION = YES;
				CLANG_WARN_COMMA = YES;
				CLANG_WARN_CONSTANT_CONVERSION = YES;
				CLANG_WARN_DEPRECATED_OBJC_IMPLEMENTATIONS = YES;
				CLANG_WARN_DIRECT_OBJC_ISA_USAGE = YES_ERROR;
				CLANG_WARN_DOCUMENTATION_COMMENTS = YES;
				CLANG_WARN_EMPTY_BODY = YES;
				CLANG_WARN_ENUM_CONVERSION = YES;
				CLANG_WARN_INFINITE_RECURSION = YES;
				CLANG_WARN_INT_CONVERSION = YES;
				CLANG_WARN_NON_LITERAL_NULL_CONVERSION = YES;
				CLANG_WARN_OBJC_IMPLICIT_RETAIN_SELF = YES;
				CLANG_WARN_OBJC_LITERAL_CONVERSION = YES;
				CLANG_WARN_OBJC_ROOT_CLASS = YES_ERROR;
				CLANG_WARN_QUOTED_INCLUDE_IN_FRAMEWORK_HEADER = YES;
				CLANG_WARN_RANGE_LOOP_ANALYSIS = YES;
				CLANG_WARN_STRICT_PROTOTYPES = YES;
				CLANG_WARN_SUSPICIOUS_MOVE = YES;
				CLANG_WARN_UNGUARDED_AVAILABILITY = YES_AGGRESSIVE;
				CLANG_WARN_UNREACHABLE_CODE = YES;
				CLANG_WARN__DUPLICATE_METHOD_MATCH = YES;
				COPY_PHASE_STRIP = NO;
				DEBUG_INFORMATION_FORMAT = "dwarf-with-dsym";
				ENABLE_NS_ASSERTIONS = NO;
				ENABLE_STRICT_OBJC_MSGSEND = YES;
				GCC_C_LANGUAGE_STANDARD = gnu11;
				GCC_NO_COMMON_BLOCKS = YES;
				GCC_WARN_64_TO_32_BIT_CONVERSION = YES;
				GCC_WARN_ABOUT_RETURN_TYPE = YES_ERROR;
				GCC_WARN_UNDECLARED_SELECTOR = YES;
				GCC_WARN_UNINITIALIZED_AUTOS = YES_AGGRESSIVE;
				GCC_WARN_UNUSED_FUNCTION = YES;
				GCC_WARN_UNUSED_VARIABLE = YES;
				IPHONEOS_DEPLOYMENT_TARGET = 16.1;
				MTL_ENABLE_DEBUG_INFO = NO;
				MTL_FAST_MATH = YES;
				SDKROOT = iphoneos;
				SWIFT_COMPILATION_MODE = wholemodule;
				SWIFT_OPTIMIZATION_LEVEL = "-O";
				VALIDATE_PRODUCT = YES;
			};
			name = Release;
		};
		2653E1D8293AAD1600CD1925 /* Debug */ = {
			isa = XCBuildConfiguration;
			buildSettings = {
				ASSETCATALOG_COMPILER_APPICON_NAME = AppIcon;
				ASSETCATALOG_COMPILER_GLOBAL_ACCENT_COLOR_NAME = AccentColor;
				CODE_SIGN_STYLE = Automatic;
				CURRENT_PROJECT_VERSION = 1;
				DEVELOPMENT_TEAM = YD8M5WS7S9;
				GENERATE_INFOPLIST_FILE = YES;
				INFOPLIST_FILE = MindfulWeatherApp/Info.plist;
				INFOPLIST_KEY_LSApplicationCategoryType = "public.app-category.weather";
				INFOPLIST_KEY_NSLocationAlwaysAndWhenInUseUsageDescription = "We need your location to help your plant grow!";
				INFOPLIST_KEY_NSLocationAlwaysUsageDescription = "Location for plant to be able to grow all the time, and for widget to show plant and weather real time";
				INFOPLIST_KEY_NSLocationWhenInUseUsageDescription = "Only for weather access when app is open. Plant will also grow here but only when app is running";
				INFOPLIST_KEY_UIApplicationSupportsIndirectInputEvents = YES;
				INFOPLIST_KEY_UILaunchStoryboardName = LaunchScreen;
				INFOPLIST_KEY_UIMainStoryboardFile = Main;
				INFOPLIST_KEY_UIStatusBarStyle = "";
				INFOPLIST_KEY_UISupportedInterfaceOrientations_iPad = "UIInterfaceOrientationPortrait UIInterfaceOrientationPortraitUpsideDown UIInterfaceOrientationLandscapeLeft UIInterfaceOrientationLandscapeRight";
				INFOPLIST_KEY_UISupportedInterfaceOrientations_iPhone = "UIInterfaceOrientationPortrait UIInterfaceOrientationLandscapeLeft UIInterfaceOrientationLandscapeRight";
				LD_RUNPATH_SEARCH_PATHS = (
					"$(inherited)",
					"@executable_path/Frameworks",
				);
				MARKETING_VERSION = 1.0;
				PRODUCT_BUNDLE_IDENTIFIER = ce.MindfulWeatherApp;
				PRODUCT_NAME = "$(TARGET_NAME)";
				SWIFT_EMIT_LOC_STRINGS = YES;
				SWIFT_VERSION = 5.0;
				TARGETED_DEVICE_FAMILY = "1,2";
			};
			name = Debug;
		};
		2653E1D9293AAD1600CD1925 /* Release */ = {
			isa = XCBuildConfiguration;
			buildSettings = {
				ASSETCATALOG_COMPILER_APPICON_NAME = AppIcon;
				ASSETCATALOG_COMPILER_GLOBAL_ACCENT_COLOR_NAME = AccentColor;
				CODE_SIGN_STYLE = Automatic;
				CURRENT_PROJECT_VERSION = 1;
				DEVELOPMENT_TEAM = YD8M5WS7S9;
				GENERATE_INFOPLIST_FILE = YES;
				INFOPLIST_FILE = MindfulWeatherApp/Info.plist;
				INFOPLIST_KEY_LSApplicationCategoryType = "public.app-category.weather";
				INFOPLIST_KEY_NSLocationAlwaysAndWhenInUseUsageDescription = "We need your location to help your plant grow!";
				INFOPLIST_KEY_NSLocationAlwaysUsageDescription = "Location for plant to be able to grow all the time, and for widget to show plant and weather real time";
				INFOPLIST_KEY_NSLocationWhenInUseUsageDescription = "Only for weather access when app is open. Plant will also grow here but only when app is running";
				INFOPLIST_KEY_UIApplicationSupportsIndirectInputEvents = YES;
				INFOPLIST_KEY_UILaunchStoryboardName = LaunchScreen;
				INFOPLIST_KEY_UIMainStoryboardFile = Main;
				INFOPLIST_KEY_UIStatusBarStyle = "";
				INFOPLIST_KEY_UISupportedInterfaceOrientations_iPad = "UIInterfaceOrientationPortrait UIInterfaceOrientationPortraitUpsideDown UIInterfaceOrientationLandscapeLeft UIInterfaceOrientationLandscapeRight";
				INFOPLIST_KEY_UISupportedInterfaceOrientations_iPhone = "UIInterfaceOrientationPortrait UIInterfaceOrientationLandscapeLeft UIInterfaceOrientationLandscapeRight";
				LD_RUNPATH_SEARCH_PATHS = (
					"$(inherited)",
					"@executable_path/Frameworks",
				);
				MARKETING_VERSION = 1.0;
				PRODUCT_BUNDLE_IDENTIFIER = ce.MindfulWeatherApp;
				PRODUCT_NAME = "$(TARGET_NAME)";
				SWIFT_EMIT_LOC_STRINGS = YES;
				SWIFT_VERSION = 5.0;
				TARGETED_DEVICE_FAMILY = "1,2";
			};
			name = Release;
		};
/* End XCBuildConfiguration section */

/* Begin XCConfigurationList section */
		2653E1BE293AAD1500CD1925 /* Build configuration list for PBXProject "MindfulWeatherApp" */ = {
			isa = XCConfigurationList;
			buildConfigurations = (
				2653E1D5293AAD1600CD1925 /* Debug */,
				2653E1D6293AAD1600CD1925 /* Release */,
			);
			defaultConfigurationIsVisible = 0;
			defaultConfigurationName = Release;
		};
		2653E1D7293AAD1600CD1925 /* Build configuration list for PBXNativeTarget "MindfulWeatherApp" */ = {
			isa = XCConfigurationList;
			buildConfigurations = (
				2653E1D8293AAD1600CD1925 /* Debug */,
				2653E1D9293AAD1600CD1925 /* Release */,
			);
			defaultConfigurationIsVisible = 0;
			defaultConfigurationName = Release;
		};
/* End XCConfigurationList section */
	};
	rootObject = 2653E1BB293AAD1500CD1925 /* Project object */;
}
